
Microsoft Visual Studio Solution File, Format Version 12.00
# Visual Studio 15
VisualStudioVersion = 15.0.26730.16
MinimumVisualStudioVersion = 10.0.40219.1
Project("{FAE04EC0-301F-11D3-BF4B-00C04F79EFBC}") = "WindowsFormsApp16", "WindowsFormsApp16\WindowsFormsApp16.csproj", "{5E0F29E5-FAF0-4A2D-A91D-509CA50DCEAB}"
EndProject
Global
	GlobalSection(SolutionConfigurationPlatforms) = preSolution
		Debug|Any CPU = Debug|Any CPU
		Release|Any CPU = Release|Any CPU
	EndGlobalSection
	GlobalSection(ProjectConfigurationPlatforms) = postSolution
		{5E0F29E5-FAF0-4A2D-A91D-509CA50DCEAB}.Debug|Any CPU.ActiveCfg = Debug|Any CPU
		{5E0F29E5-FAF0-4A2D-A91D-509CA50DCEAB}.Debug|Any CPU.Build.0 = Debug|Any CPU
		{5E0F29E5-FAF0-4A2D-A91D-509CA50DCEAB}.Release|Any CPU.ActiveCfg = Release|Any CPU
		{5E0F29E5-FAF0-4A2D-A91D-509CA50DCEAB}.Release|Any CPU.Build.0 = Release|Any CPU
	EndGlobalSection
	GlobalSection(SolutionProperties) = preSolution
		HideSolutionNode = FALSE
	EndGlobalSection
	GlobalSection(ExtensibilityGlobals) = postSolution
		SolutionGuid = {7D418A0E-3ECA-4C2C-9C8A-5B687604D9B8}
	EndGlobalSection
EndGlobal
